{
    "requires": true,
    "lockfileVersion": 1,
    "dependencies": {
        "datatables.net": {
            "version": "1.10.19",
            "resolved": "https://registry.npmjs.org/datatables.net/-/datatables.net-1.10.19.tgz",
            "integrity": "sha512-+ljXcI6Pj3PTGy5pesp3E5Dr3x3AV45EZe0o1r0gKENN2gafBKXodVnk2ypKwl2tTmivjxbkiqoWnipTefyBTA==",
            "requires": {
                "jquery": ">=1.7"
            }
        },
        "datatables.net-buttons": {
            "version": "1.5.6",
            "resolved": "https://registry.npmjs.org/datatables.net-buttons/-/datatables.net-buttons-1.5.6.tgz",
            "integrity": "sha512-FlJtjQ8dsr6xeHWETUCtUJEa7ZqKlphFb22+LXZs80LmJqpVbW84BkppwSoKK+F4k8eRr1tYr38dxcCvIIy0rw==",
            "requires": {
                "datatables.net": "^1.10.15",
                "jquery": ">=1.7"
            }
        },
        "datatables.net-buttons-dt": {
            "version": "1.5.6",
            "resolved": "https://registry.npmjs.org/datatables.net-buttons-dt/-/datatables.net-buttons-dt-1.5.6.tgz",
            "integrity": "sha512-+5D6x6fbVIibQOKMrKaC84l2fwsEGuIaakDph1Nr3xVRtglahjptltwJHYee4uaLKlsMa4ZirHGpUk+aL8joYQ==",
            "requires": {
                "datatables.net-buttons": "1.5.6",
                "datatables.net-dt": "^1.10.15",
                "jquery": ">=1.7"
            }
        },
        "datatables.net-dt": {
            "version": "1.10.19",
            "resolved": "https://registry.npmjs.org/datatables.net-dt/-/datatables.net-dt-1.10.19.tgz",
            "integrity": "sha512-joFHYjLYvr9VnC9Fx3e+8jtXnQ/fP/mPFWt9p0NhZ3Zm5N0jlYyWhJQbnLkihOLuDcDFMaGdBQSvmIdTVdgGyw==",
            "requires": {
                "datatables.net": "1.10.19",
                "jquery": ">=1.7"
            }
        },
        "jquery": {
            "version": "3.3.1",
            "resolved": "https://registry.npmjs.org/jquery/-/jquery-3.3.1.tgz",
            "integrity": "sha512-Ubldcmxp5np52/ENotGxlLe6aGMvmF4R8S6tZjsP6Knsaxd/xp3Zrh50cG93lR6nPXyUFwzN3ZSOQI0wRJNdGg=="
        }
    }
}
